
Microsoft Visual Studio Solution File, Format Version 12.00
# Visual Studio Version 16
VisualStudioVersion = 16.0.809.9
MinimumVisualStudioVersion = 10.0.40219.1
Project("{FAE04EC0-301F-11D3-BF4B-00C04F79EFBC}") = "Fitverse.Shared", "Fitverse.Shared.csproj", "{4D775B8D-76CD-421C-9FF3-6922C38D54EC}"
EndProject
Global
	GlobalSection(SolutionConfigurationPlatforms) = preSolution
		Debug|Any CPU = Debug|Any CPU
		Release|Any CPU = Release|Any CPU
	EndGlobalSection
	GlobalSection(ProjectConfigurationPlatforms) = postSolution
		{4D775B8D-76CD-421C-9FF3-6922C38D54EC}.Debug|Any CPU.ActiveCfg = Debug|Any CPU
		{4D775B8D-76CD-421C-9FF3-6922C38D54EC}.Debug|Any CPU.Build.0 = Debug|Any CPU
		{4D775B8D-76CD-421C-9FF3-6922C38D54EC}.Release|Any CPU.ActiveCfg = Release|Any CPU
		{4D775B8D-76CD-421C-9FF3-6922C38D54EC}.Release|Any CPU.Build.0 = Release|Any CPU
	EndGlobalSection
	GlobalSection(SolutionProperties) = preSolution
		HideSolutionNode = FALSE
	EndGlobalSection
	GlobalSection(ExtensibilityGlobals) = postSolution
		SolutionGuid = {4DB24200-ECCD-473B-A67E-9F7AF0C8261D}
	EndGlobalSection
EndGlobal
